// !$*UTF8*$!
{
	archiveVersion = 1;
	classes = {
	};
	objectVersion = 46;
	objects = {

/* Begin PBXBuildFile section */
		0811AAF71DE97DA400473651 /* APIDataDownloader.swift in Sources */ = {isa = PBXBuildFile; fileRef = 0811AAF61DE97DA400473651 /* APIDataDownloader.swift */; };
		0811AAFA1DE97ECB00473651 /* UIImageExtension.swift in Sources */ = {isa = PBXBuildFile; fileRef = 0811AAF91DE97ECB00473651 /* UIImageExtension.swift */; };
		0811AAFC1DE981C200473651 /* ClothingTypes.swift in Sources */ = {isa = PBXBuildFile; fileRef = 0811AAFB1DE981C200473651 /* ClothingTypes.swift */; };
		0811AB011DE998D800473651 /* MyClothes.storyboard in Resources */ = {isa = PBXBuildFile; fileRef = 0811AB001DE998D800473651 /* MyClothes.storyboard */; };
		0811AB051DE99A1F00473651 /* MyClothesViewController.swift in Sources */ = {isa = PBXBuildFile; fileRef = 0811AB041DE99A1F00473651 /* MyClothesViewController.swift */; };
		08B4FA941DE9ED4D00B21947 /* MediaAPI.swift in Sources */ = {isa = PBXBuildFile; fileRef = 08B4FA931DE9ED4D00B21947 /* MediaAPI.swift */; };
		08B4FA961DE9F18100B21947 /* AlamofireSwiftyJSON.swift in Sources */ = {isa = PBXBuildFile; fileRef = 08B4FA951DE9F18100B21947 /* AlamofireSwiftyJSON.swift */; };
		08B4FA981DEA078000B21947 /* ClothesAPI.swift in Sources */ = {isa = PBXBuildFile; fileRef = 08B4FA971DEA078000B21947 /* ClothesAPI.swift */; };
		08B4FA9C1DEA334E00B21947 /* UIImage_PixelColor.m in Sources */ = {isa = PBXBuildFile; fileRef = 08B4FA9B1DEA334E00B21947 /* UIImage_PixelColor.m */; };
		08B4FA9E1DEAC0D300B21947 /* LookbookAPI.swift in Sources */ = {isa = PBXBuildFile; fileRef = 08B4FA9D1DEAC0D300B21947 /* LookbookAPI.swift */; };
		08B4FAA01DEAC7AD00B21947 /* RecommendationsViewController.swift in Sources */ = {isa = PBXBuildFile; fileRef = 08B4FA9F1DEAC7AD00B21947 /* RecommendationsViewController.swift */; };
		08D140C21DE9D4D5000CB07D /* KBButton.swift in Sources */ = {isa = PBXBuildFile; fileRef = 08D140C11DE9D4D5000CB07D /* KBButton.swift */; };
		08D140C41DE9D98C000CB07D /* ClothingItemViewController.swift in Sources */ = {isa = PBXBuildFile; fileRef = 08D140C31DE9D98C000CB07D /* ClothingItemViewController.swift */; };
		08D140C71DE9D9D8000CB07D /* BrowseItem.storyboard in Resources */ = {isa = PBXBuildFile; fileRef = 08D140C61DE9D9D8000CB07D /* BrowseItem.storyboard */; };
		08E2B1EC1DE9A723008CAE7C /* ClothingItemCollectionViewCell.swift in Sources */ = {isa = PBXBuildFile; fileRef = 08E2B1EA1DE9A723008CAE7C /* ClothingItemCollectionViewCell.swift */; };
		08E2B1ED1DE9A723008CAE7C /* ClothingItemCollectionViewCell.xib in Resources */ = {isa = PBXBuildFile; fileRef = 08E2B1EB1DE9A723008CAE7C /* ClothingItemCollectionViewCell.xib */; };
		08E2B1F01DE9A7E4008CAE7C /* ClothingItem.swift in Sources */ = {isa = PBXBuildFile; fileRef = 08E2B1EF1DE9A7E4008CAE7C /* ClothingItem.swift */; };
		08E2B1F21DE9AC86008CAE7C /* SingleRecommendationViewController.swift in Sources */ = {isa = PBXBuildFile; fileRef = 08E2B1F11DE9AC86008CAE7C /* SingleRecommendationViewController.swift */; };
		08E2B1F41DE9B2D5008CAE7C /* RecommendationsContainerViewController.swift in Sources */ = {isa = PBXBuildFile; fileRef = 08E2B1F31DE9B2D5008CAE7C /* RecommendationsContainerViewController.swift */; };
		08E2B1F61DE9B5A9008CAE7C /* ItemSet.swift in Sources */ = {isa = PBXBuildFile; fileRef = 08E2B1F51DE9B5A9008CAE7C /* ItemSet.swift */; };
		08E88BA21DE8FBB9004CA536 /* AppDelegate.swift in Sources */ = {isa = PBXBuildFile; fileRef = 08E88BA11DE8FBB9004CA536 /* AppDelegate.swift */; };
		08E88BA71DE8FBB9004CA536 /* Main.storyboard in Resources */ = {isa = PBXBuildFile; fileRef = 08E88BA51DE8FBB9004CA536 /* Main.storyboard */; };
		08E88BA91DE8FBB9004CA536 /* Assets.xcassets in Resources */ = {isa = PBXBuildFile; fileRef = 08E88BA81DE8FBB9004CA536 /* Assets.xcassets */; };
		08E88BAC1DE8FBB9004CA536 /* LaunchScreen.storyboard in Resources */ = {isa = PBXBuildFile; fileRef = 08E88BAA1DE8FBB9004CA536 /* LaunchScreen.storyboard */; };
		08E88BB71DE8FBB9004CA536 /* ZalandoWardrobeTests.swift in Sources */ = {isa = PBXBuildFile; fileRef = 08E88BB61DE8FBB9004CA536 /* ZalandoWardrobeTests.swift */; };
		08E88BC21DE8FBB9004CA536 /* ZalandoWardrobeUITests.swift in Sources */ = {isa = PBXBuildFile; fileRef = 08E88BC11DE8FBB9004CA536 /* ZalandoWardrobeUITests.swift */; };
		08E88BD11DE90074004CA536 /* ColorRecognizer.swift in Sources */ = {isa = PBXBuildFile; fileRef = 08E88BD01DE90074004CA536 /* ColorRecognizer.swift */; };
		08E88BD31DE900AB004CA536 /* ColorShader.swift in Sources */ = {isa = PBXBuildFile; fileRef = 08E88BD21DE900AB004CA536 /* ColorShader.swift */; };
		08E88BF31DE9080F004CA536 /* CGRectManipulation.m in Sources */ = {isa = PBXBuildFile; fileRef = 08E88BD71DE9080F004CA536 /* CGRectManipulation.m */; };
		08E88BF41DE9080F004CA536 /* NSNumber+Hex.m in Sources */ = {isa = PBXBuildFile; fileRef = 08E88BD91DE9080F004CA536 /* NSNumber+Hex.m */; };
		08E88BF51DE9080F004CA536 /* ThemeColor.m in Sources */ = {isa = PBXBuildFile; fileRef = 08E88BDB1DE9080F004CA536 /* ThemeColor.m */; };
		08E88BF61DE9080F004CA536 /* UIColor+ColorFinder.m in Sources */ = {isa = PBXBuildFile; fileRef = 08E88BDD1DE9080F004CA536 /* UIColor+ColorFinder.m */; };
		08E88BF71DE9080F004CA536 /* UIColor+Components.m in Sources */ = {isa = PBXBuildFile; fileRef = 08E88BDF1DE9080F004CA536 /* UIColor+Components.m */; };
		08E88BF81DE9080F004CA536 /* UIColor+Hex.m in Sources */ = {isa = PBXBuildFile; fileRef = 08E88BE11DE9080F004CA536 /* UIColor+Hex.m */; };
		08E88BF91DE9080F004CA536 /* UIColor+KeyColor.m in Sources */ = {isa = PBXBuildFile; fileRef = 08E88BE31DE9080F004CA536 /* UIColor+KeyColor.m */; };
		08E88BFA1DE9080F004CA536 /* UIColor+Manipulation.m in Sources */ = {isa = PBXBuildFile; fileRef = 08E88BE51DE9080F004CA536 /* UIColor+Manipulation.m */; };
		08E88BFB1DE9080F004CA536 /* UIColor+NeueColors.m in Sources */ = {isa = PBXBuildFile; fileRef = 08E88BE71DE9080F004CA536 /* UIColor+NeueColors.m */; };
		08E88BFC1DE9080F004CA536 /* UIImage+Colors.m in Sources */ = {isa = PBXBuildFile; fileRef = 08E88BE91DE9080F004CA536 /* UIImage+Colors.m */; };
		08E88BFD1DE9080F004CA536 /* UIImage+Crop.m in Sources */ = {isa = PBXBuildFile; fileRef = 08E88BEB1DE9080F004CA536 /* UIImage+Crop.m */; };
		08E88BFE1DE9080F004CA536 /* UIImage+Mask.m in Sources */ = {isa = PBXBuildFile; fileRef = 08E88BED1DE9080F004CA536 /* UIImage+Mask.m */; };
		08E88BFF1DE9080F004CA536 /* UIImage+Pixels.m in Sources */ = {isa = PBXBuildFile; fileRef = 08E88BEF1DE9080F004CA536 /* UIImage+Pixels.m */; };
		08E88C001DE9080F004CA536 /* UIImage+TBTint.m in Sources */ = {isa = PBXBuildFile; fileRef = 08E88BF11DE9080F004CA536 /* UIImage+TBTint.m */; };
		364681231DE9ECDE0007AFB0 /* NewClothingItem.swift in Sources */ = {isa = PBXBuildFile; fileRef = 364681221DE9ECDE0007AFB0 /* NewClothingItem.swift */; };
		3646812B1DEA148C0007AFB0 /* CCColorCube.m in Sources */ = {isa = PBXBuildFile; fileRef = 364681281DEA148C0007AFB0 /* CCColorCube.m */; };
		3646812C1DEA148C0007AFB0 /* CCLocalMaximum.m in Sources */ = {isa = PBXBuildFile; fileRef = 3646812A1DEA148C0007AFB0 /* CCLocalMaximum.m */; };
		3646812E1DEA2FC30007AFB0 /* Styler.swift in Sources */ = {isa = PBXBuildFile; fileRef = 3646812D1DEA2FC30007AFB0 /* Styler.swift */; };
		3656C5D71DE908C3007B691A /* AddItemViewController.swift in Sources */ = {isa = PBXBuildFile; fileRef = 3656C5D61DE908C3007B691A /* AddItemViewController.swift */; };
		3656C5D91DE9821A007B691A /* ColorCollectionViewCell.swift in Sources */ = {isa = PBXBuildFile; fileRef = 3656C5D81DE9821A007B691A /* ColorCollectionViewCell.swift */; };
		3656C5DB1DE9C57B007B691A /* SelectItemTypeViewController.swift in Sources */ = {isa = PBXBuildFile; fileRef = 3656C5DA1DE9C57B007B691A /* SelectItemTypeViewController.swift */; };
		3656C5DD1DE9D28A007B691A /* ClothingType.swift in Sources */ = {isa = PBXBuildFile; fileRef = 3656C5DC1DE9D28A007B691A /* ClothingType.swift */; };
		7D65F9B77701073B4CAAD03E /* Pods_ZalandoWardrobeTests.framework in Frameworks */ = {isa = PBXBuildFile; fileRef = FB56BD505C52D187DCAC5927 /* Pods_ZalandoWardrobeTests.framework */; };
		9CB0C0D745EECFA1E0C6BEFD /* Pods_ZalandoWardrobe.framework in Frameworks */ = {isa = PBXBuildFile; fileRef = 3271D3F52B6E963AEBB17A5D /* Pods_ZalandoWardrobe.framework */; };
		C7730E93A8F2E96B143A3782 /* Pods_ZalandoWardrobeUITests.framework in Frameworks */ = {isa = PBXBuildFile; fileRef = 6E630DEDD05C48604FD73216 /* Pods_ZalandoWardrobeUITests.framework */; };
/* End PBXBuildFile section */

/* Begin PBXContainerItemProxy section */
		08E88BB31DE8FBB9004CA536 /* PBXContainerItemProxy */ = {
			isa = PBXContainerItemProxy;
			containerPortal = 08E88B961DE8FBB9004CA536 /* Project object */;
			proxyType = 1;
			remoteGlobalIDString = 08E88B9D1DE8FBB9004CA536;
			remoteInfo = ZalandoWardrobe;
		};
		08E88BBE1DE8FBB9004CA536 /* PBXContainerItemProxy */ = {
			isa = PBXContainerItemProxy;
			containerPortal = 08E88B961DE8FBB9004CA536 /* Project object */;
			proxyType = 1;
			remoteGlobalIDString = 08E88B9D1DE8FBB9004CA536;
			remoteInfo = ZalandoWardrobe;
		};
/* End PBXContainerItemProxy section */

/* Begin PBXFileReference section */
		0811AAF61DE97DA400473651 /* APIDataDownloader.swift */ = {isa = PBXFileReference; fileEncoding = 4; lastKnownFileType = sourcecode.swift; path = APIDataDownloader.swift; sourceTree = "<group>"; };
		0811AAF91DE97ECB00473651 /* UIImageExtension.swift */ = {isa = PBXFileReference; fileEncoding = 4; lastKnownFileType = sourcecode.swift; path = UIImageExtension.swift; sourceTree = "<group>"; };
		0811AAFB1DE981C200473651 /* ClothingTypes.swift */ = {isa = PBXFileReference; fileEncoding = 4; lastKnownFileType = sourcecode.swift; path = ClothingTypes.swift; sourceTree = "<group>"; };
		0811AB001DE998D800473651 /* MyClothes.storyboard */ = {isa = PBXFileReference; fileEncoding = 4; lastKnownFileType = file.storyboard; path = MyClothes.storyboard; sourceTree = "<group>"; };
		0811AB041DE99A1F00473651 /* MyClothesViewController.swift */ = {isa = PBXFileReference; fileEncoding = 4; lastKnownFileType = sourcecode.swift; path = MyClothesViewController.swift; sourceTree = "<group>"; };
		08B4FA931DE9ED4D00B21947 /* MediaAPI.swift */ = {isa = PBXFileReference; fileEncoding = 4; lastKnownFileType = sourcecode.swift; path = MediaAPI.swift; sourceTree = "<group>"; };
		08B4FA951DE9F18100B21947 /* AlamofireSwiftyJSON.swift */ = {isa = PBXFileReference; fileEncoding = 4; lastKnownFileType = sourcecode.swift; path = AlamofireSwiftyJSON.swift; sourceTree = "<group>"; };
		08B4FA971DEA078000B21947 /* ClothesAPI.swift */ = {isa = PBXFileReference; fileEncoding = 4; lastKnownFileType = sourcecode.swift; path = ClothesAPI.swift; sourceTree = "<group>"; };
		08B4FA991DEA331800B21947 /* UIImage_PixelColor.h */ = {isa = PBXFileReference; fileEncoding = 4; lastKnownFileType = sourcecode.c.h; name = UIImage_PixelColor.h; path = ../UIImage_PixelColor.h; sourceTree = "<group>"; };
		08B4FA9B1DEA334E00B21947 /* UIImage_PixelColor.m */ = {isa = PBXFileReference; fileEncoding = 4; lastKnownFileType = sourcecode.c.objc; path = UIImage_PixelColor.m; sourceTree = "<group>"; };
		08B4FA9D1DEAC0D300B21947 /* LookbookAPI.swift */ = {isa = PBXFileReference; fileEncoding = 4; lastKnownFileType = sourcecode.swift; path = LookbookAPI.swift; sourceTree = "<group>"; };
		08B4FA9F1DEAC7AD00B21947 /* RecommendationsViewController.swift */ = {isa = PBXFileReference; fileEncoding = 4; lastKnownFileType = sourcecode.swift; path = RecommendationsViewController.swift; sourceTree = "<group>"; };
		08D140C11DE9D4D5000CB07D /* KBButton.swift */ = {isa = PBXFileReference; fileEncoding = 4; lastKnownFileType = sourcecode.swift; path = KBButton.swift; sourceTree = "<group>"; };
		08D140C31DE9D98C000CB07D /* ClothingItemViewController.swift */ = {isa = PBXFileReference; fileEncoding = 4; lastKnownFileType = sourcecode.swift; name = ClothingItemViewController.swift; path = ../ClothingItemViewController.swift; sourceTree = "<group>"; };
		08D140C61DE9D9D8000CB07D /* BrowseItem.storyboard */ = {isa = PBXFileReference; fileEncoding = 4; lastKnownFileType = file.storyboard; path = BrowseItem.storyboard; sourceTree = "<group>"; };
		08E2B1EA1DE9A723008CAE7C /* ClothingItemCollectionViewCell.swift */ = {isa = PBXFileReference; fileEncoding = 4; lastKnownFileType = sourcecode.swift; path = ClothingItemCollectionViewCell.swift; sourceTree = "<group>"; };
		08E2B1EB1DE9A723008CAE7C /* ClothingItemCollectionViewCell.xib */ = {isa = PBXFileReference; fileEncoding = 4; lastKnownFileType = file.xib; path = ClothingItemCollectionViewCell.xib; sourceTree = "<group>"; };
		08E2B1EF1DE9A7E4008CAE7C /* ClothingItem.swift */ = {isa = PBXFileReference; fileEncoding = 4; lastKnownFileType = sourcecode.swift; path = ClothingItem.swift; sourceTree = "<group>"; };
		08E2B1F11DE9AC86008CAE7C /* SingleRecommendationViewController.swift */ = {isa = PBXFileReference; fileEncoding = 4; lastKnownFileType = sourcecode.swift; path = SingleRecommendationViewController.swift; sourceTree = "<group>"; };
		08E2B1F31DE9B2D5008CAE7C /* RecommendationsContainerViewController.swift */ = {isa = PBXFileReference; fileEncoding = 4; lastKnownFileType = sourcecode.swift; path = RecommendationsContainerViewController.swift; sourceTree = "<group>"; };
		08E2B1F51DE9B5A9008CAE7C /* ItemSet.swift */ = {isa = PBXFileReference; fileEncoding = 4; lastKnownFileType = sourcecode.swift; path = ItemSet.swift; sourceTree = "<group>"; };
		08E88B9E1DE8FBB9004CA536 /* ZalandoWardrobe.app */ = {isa = PBXFileReference; explicitFileType = wrapper.application; includeInIndex = 0; path = ZalandoWardrobe.app; sourceTree = BUILT_PRODUCTS_DIR; };
		08E88BA11DE8FBB9004CA536 /* AppDelegate.swift */ = {isa = PBXFileReference; lastKnownFileType = sourcecode.swift; path = AppDelegate.swift; sourceTree = "<group>"; };
		08E88BA61DE8FBB9004CA536 /* Base */ = {isa = PBXFileReference; lastKnownFileType = file.storyboard; name = Base; path = Base.lproj/Main.storyboard; sourceTree = "<group>"; };
		08E88BA81DE8FBB9004CA536 /* Assets.xcassets */ = {isa = PBXFileReference; lastKnownFileType = folder.assetcatalog; path = Assets.xcassets; sourceTree = "<group>"; };
		08E88BAB1DE8FBB9004CA536 /* Base */ = {isa = PBXFileReference; lastKnownFileType = file.storyboard; name = Base; path = Base.lproj/LaunchScreen.storyboard; sourceTree = "<group>"; };
		08E88BAD1DE8FBB9004CA536 /* Info.plist */ = {isa = PBXFileReference; lastKnownFileType = text.plist.xml; path = Info.plist; sourceTree = "<group>"; };
		08E88BB21DE8FBB9004CA536 /* ZalandoWardrobeTests.xctest */ = {isa = PBXFileReference; explicitFileType = wrapper.cfbundle; includeInIndex = 0; path = ZalandoWardrobeTests.xctest; sourceTree = BUILT_PRODUCTS_DIR; };
		08E88BB61DE8FBB9004CA536 /* ZalandoWardrobeTests.swift */ = {isa = PBXFileReference; lastKnownFileType = sourcecode.swift; path = ZalandoWardrobeTests.swift; sourceTree = "<group>"; };
		08E88BB81DE8FBB9004CA536 /* Info.plist */ = {isa = PBXFileReference; lastKnownFileType = text.plist.xml; path = Info.plist; sourceTree = "<group>"; };
		08E88BBD1DE8FBB9004CA536 /* ZalandoWardrobeUITests.xctest */ = {isa = PBXFileReference; explicitFileType = wrapper.cfbundle; includeInIndex = 0; path = ZalandoWardrobeUITests.xctest; sourceTree = BUILT_PRODUCTS_DIR; };
		08E88BC11DE8FBB9004CA536 /* ZalandoWardrobeUITests.swift */ = {isa = PBXFileReference; lastKnownFileType = sourcecode.swift; path = ZalandoWardrobeUITests.swift; sourceTree = "<group>"; };
		08E88BC31DE8FBB9004CA536 /* Info.plist */ = {isa = PBXFileReference; lastKnownFileType = text.plist.xml; path = Info.plist; sourceTree = "<group>"; };
		08E88BD01DE90074004CA536 /* ColorRecognizer.swift */ = {isa = PBXFileReference; fileEncoding = 4; lastKnownFileType = sourcecode.swift; path = ColorRecognizer.swift; sourceTree = "<group>"; };
		08E88BD21DE900AB004CA536 /* ColorShader.swift */ = {isa = PBXFileReference; fileEncoding = 4; lastKnownFileType = sourcecode.swift; path = ColorShader.swift; sourceTree = "<group>"; };
		08E88BD41DE9080E004CA536 /* ZalandoWardrobe-Bridging-Header.h */ = {isa = PBXFileReference; lastKnownFileType = sourcecode.c.h; path = "ZalandoWardrobe-Bridging-Header.h"; sourceTree = "<group>"; };
		08E88BD51DE9080F004CA536 /* Colors.h */ = {isa = PBXFileReference; fileEncoding = 4; lastKnownFileType = sourcecode.c.h; path = Colors.h; sourceTree = "<group>"; };
		08E88BD61DE9080F004CA536 /* CGRectManipulation.h */ = {isa = PBXFileReference; fileEncoding = 4; lastKnownFileType = sourcecode.c.h; path = CGRectManipulation.h; sourceTree = "<group>"; };
		08E88BD71DE9080F004CA536 /* CGRectManipulation.m */ = {isa = PBXFileReference; fileEncoding = 4; lastKnownFileType = sourcecode.c.objc; path = CGRectManipulation.m; sourceTree = "<group>"; };
		08E88BD81DE9080F004CA536 /* NSNumber+Hex.h */ = {isa = PBXFileReference; fileEncoding = 4; lastKnownFileType = sourcecode.c.h; path = "NSNumber+Hex.h"; sourceTree = "<group>"; };
		08E88BD91DE9080F004CA536 /* NSNumber+Hex.m */ = {isa = PBXFileReference; fileEncoding = 4; lastKnownFileType = sourcecode.c.objc; path = "NSNumber+Hex.m"; sourceTree = "<group>"; };
		08E88BDA1DE9080F004CA536 /* ThemeColor.h */ = {isa = PBXFileReference; fileEncoding = 4; lastKnownFileType = sourcecode.c.h; path = ThemeColor.h; sourceTree = "<group>"; };
		08E88BDB1DE9080F004CA536 /* ThemeColor.m */ = {isa = PBXFileReference; fileEncoding = 4; lastKnownFileType = sourcecode.c.objc; path = ThemeColor.m; sourceTree = "<group>"; };
		08E88BDC1DE9080F004CA536 /* UIColor+ColorFinder.h */ = {isa = PBXFileReference; fileEncoding = 4; lastKnownFileType = sourcecode.c.h; path = "UIColor+ColorFinder.h"; sourceTree = "<group>"; };
		08E88BDD1DE9080F004CA536 /* UIColor+ColorFinder.m */ = {isa = PBXFileReference; fileEncoding = 4; lastKnownFileType = sourcecode.c.objc; path = "UIColor+ColorFinder.m"; sourceTree = "<group>"; };
		08E88BDE1DE9080F004CA536 /* UIColor+Components.h */ = {isa = PBXFileReference; fileEncoding = 4; lastKnownFileType = sourcecode.c.h; path = "UIColor+Components.h"; sourceTree = "<group>"; };
		08E88BDF1DE9080F004CA536 /* UIColor+Components.m */ = {isa = PBXFileReference; fileEncoding = 4; lastKnownFileType = sourcecode.c.objc; path = "UIColor+Components.m"; sourceTree = "<group>"; };
		08E88BE01DE9080F004CA536 /* UIColor+Hex.h */ = {isa = PBXFileReference; fileEncoding = 4; lastKnownFileType = sourcecode.c.h; path = "UIColor+Hex.h"; sourceTree = "<group>"; };
		08E88BE11DE9080F004CA536 /* UIColor+Hex.m */ = {isa = PBXFileReference; fileEncoding = 4; lastKnownFileType = sourcecode.c.objc; path = "UIColor+Hex.m"; sourceTree = "<group>"; };
		08E88BE21DE9080F004CA536 /* UIColor+KeyColor.h */ = {isa = PBXFileReference; fileEncoding = 4; lastKnownFileType = sourcecode.c.h; path = "UIColor+KeyColor.h"; sourceTree = "<group>"; };
		08E88BE31DE9080F004CA536 /* UIColor+KeyColor.m */ = {isa = PBXFileReference; fileEncoding = 4; lastKnownFileType = sourcecode.c.objc; path = "UIColor+KeyColor.m"; sourceTree = "<group>"; };
		08E88BE41DE9080F004CA536 /* UIColor+Manipulation.h */ = {isa = PBXFileReference; fileEncoding = 4; lastKnownFileType = sourcecode.c.h; path = "UIColor+Manipulation.h"; sourceTree = "<group>"; };
		08E88BE51DE9080F004CA536 /* UIColor+Manipulation.m */ = {isa = PBXFileReference; fileEncoding = 4; lastKnownFileType = sourcecode.c.objc; path = "UIColor+Manipulation.m"; sourceTree = "<group>"; };
		08E88BE61DE9080F004CA536 /* UIColor+NeueColors.h */ = {isa = PBXFileReference; fileEncoding = 4; lastKnownFileType = sourcecode.c.h; path = "UIColor+NeueColors.h"; sourceTree = "<group>"; };
		08E88BE71DE9080F004CA536 /* UIColor+NeueColors.m */ = {isa = PBXFileReference; fileEncoding = 4; lastKnownFileType = sourcecode.c.objc; path = "UIColor+NeueColors.m"; sourceTree = "<group>"; };
		08E88BE81DE9080F004CA536 /* UIImage+Colors.h */ = {isa = PBXFileReference; fileEncoding = 4; lastKnownFileType = sourcecode.c.h; path = "UIImage+Colors.h"; sourceTree = "<group>"; };
		08E88BE91DE9080F004CA536 /* UIImage+Colors.m */ = {isa = PBXFileReference; fileEncoding = 4; lastKnownFileType = sourcecode.c.objc; path = "UIImage+Colors.m"; sourceTree = "<group>"; };
		08E88BEA1DE9080F004CA536 /* UIImage+Crop.h */ = {isa = PBXFileReference; fileEncoding = 4; lastKnownFileType = sourcecode.c.h; path = "UIImage+Crop.h"; sourceTree = "<group>"; };
		08E88BEB1DE9080F004CA536 /* UIImage+Crop.m */ = {isa = PBXFileReference; fileEncoding = 4; lastKnownFileType = sourcecode.c.objc; path = "UIImage+Crop.m"; sourceTree = "<group>"; };
		08E88BEC1DE9080F004CA536 /* UIImage+Mask.h */ = {isa = PBXFileReference; fileEncoding = 4; lastKnownFileType = sourcecode.c.h; path = "UIImage+Mask.h"; sourceTree = "<group>"; };
		08E88BED1DE9080F004CA536 /* UIImage+Mask.m */ = {isa = PBXFileReference; fileEncoding = 4; lastKnownFileType = sourcecode.c.objc; path = "UIImage+Mask.m"; sourceTree = "<group>"; };
		08E88BEE1DE9080F004CA536 /* UIImage+Pixels.h */ = {isa = PBXFileReference; fileEncoding = 4; lastKnownFileType = sourcecode.c.h; path = "UIImage+Pixels.h"; sourceTree = "<group>"; };
		08E88BEF1DE9080F004CA536 /* UIImage+Pixels.m */ = {isa = PBXFileReference; fileEncoding = 4; lastKnownFileType = sourcecode.c.objc; path = "UIImage+Pixels.m"; sourceTree = "<group>"; };
		08E88BF01DE9080F004CA536 /* UIImage+TBTint.h */ = {isa = PBXFileReference; fileEncoding = 4; lastKnownFileType = sourcecode.c.h; path = "UIImage+TBTint.h"; sourceTree = "<group>"; };
		08E88BF11DE9080F004CA536 /* UIImage+TBTint.m */ = {isa = PBXFileReference; fileEncoding = 4; lastKnownFileType = sourcecode.c.objc; path = "UIImage+TBTint.m"; sourceTree = "<group>"; };
		08E88BF21DE9080F004CA536 /* Colors-Prefix.pch */ = {isa = PBXFileReference; fileEncoding = 4; lastKnownFileType = sourcecode.c.h; path = "Colors-Prefix.pch"; sourceTree = "<group>"; };
		3271D3F52B6E963AEBB17A5D /* Pods_ZalandoWardrobe.framework */ = {isa = PBXFileReference; explicitFileType = wrapper.framework; includeInIndex = 0; path = Pods_ZalandoWardrobe.framework; sourceTree = BUILT_PRODUCTS_DIR; };
		364681221DE9ECDE0007AFB0 /* NewClothingItem.swift */ = {isa = PBXFileReference; fileEncoding = 4; lastKnownFileType = sourcecode.swift; path = NewClothingItem.swift; sourceTree = "<group>"; };
		364681271DEA148C0007AFB0 /* CCColorCube.h */ = {isa = PBXFileReference; fileEncoding = 4; lastKnownFileType = sourcecode.c.h; path = CCColorCube.h; sourceTree = "<group>"; };
		364681281DEA148C0007AFB0 /* CCColorCube.m */ = {isa = PBXFileReference; fileEncoding = 4; lastKnownFileType = sourcecode.c.objc; path = CCColorCube.m; sourceTree = "<group>"; };
		364681291DEA148C0007AFB0 /* CCLocalMaximum.h */ = {isa = PBXFileReference; fileEncoding = 4; lastKnownFileType = sourcecode.c.h; path = CCLocalMaximum.h; sourceTree = "<group>"; };
		3646812A1DEA148C0007AFB0 /* CCLocalMaximum.m */ = {isa = PBXFileReference; fileEncoding = 4; lastKnownFileType = sourcecode.c.objc; path = CCLocalMaximum.m; sourceTree = "<group>"; };
		3646812D1DEA2FC30007AFB0 /* Styler.swift */ = {isa = PBXFileReference; fileEncoding = 4; lastKnownFileType = sourcecode.swift; path = Styler.swift; sourceTree = "<group>"; };
		3656C5D61DE908C3007B691A /* AddItemViewController.swift */ = {isa = PBXFileReference; fileEncoding = 4; lastKnownFileType = sourcecode.swift; path = AddItemViewController.swift; sourceTree = "<group>"; };
		3656C5D81DE9821A007B691A /* ColorCollectionViewCell.swift */ = {isa = PBXFileReference; fileEncoding = 4; lastKnownFileType = sourcecode.swift; path = ColorCollectionViewCell.swift; sourceTree = "<group>"; };
		3656C5DA1DE9C57B007B691A /* SelectItemTypeViewController.swift */ = {isa = PBXFileReference; fileEncoding = 4; lastKnownFileType = sourcecode.swift; path = SelectItemTypeViewController.swift; sourceTree = "<group>"; };
		3656C5DC1DE9D28A007B691A /* ClothingType.swift */ = {isa = PBXFileReference; fileEncoding = 4; lastKnownFileType = sourcecode.swift; path = ClothingType.swift; sourceTree = "<group>"; };
		524E402C36A923691C466E53 /* Pods-ZalandoWardrobeUITests.release.xcconfig */ = {isa = PBXFileReference; includeInIndex = 1; lastKnownFileType = text.xcconfig; name = "Pods-ZalandoWardrobeUITests.release.xcconfig"; path = "Pods/Target Support Files/Pods-ZalandoWardrobeUITests/Pods-ZalandoWardrobeUITests.release.xcconfig"; sourceTree = "<group>"; };
		6E630DEDD05C48604FD73216 /* Pods_ZalandoWardrobeUITests.framework */ = {isa = PBXFileReference; explicitFileType = wrapper.framework; includeInIndex = 0; path = Pods_ZalandoWardrobeUITests.framework; sourceTree = BUILT_PRODUCTS_DIR; };
		8742B39F4916DCECE750DB38 /* Pods-ZalandoWardrobeTests.release.xcconfig */ = {isa = PBXFileReference; includeInIndex = 1; lastKnownFileType = text.xcconfig; name = "Pods-ZalandoWardrobeTests.release.xcconfig"; path = "Pods/Target Support Files/Pods-ZalandoWardrobeTests/Pods-ZalandoWardrobeTests.release.xcconfig"; sourceTree = "<group>"; };
		96AD445C19242D9E3B49E361 /* Pods-ZalandoWardrobeUITests.debug.xcconfig */ = {isa = PBXFileReference; includeInIndex = 1; lastKnownFileType = text.xcconfig; name = "Pods-ZalandoWardrobeUITests.debug.xcconfig"; path = "Pods/Target Support Files/Pods-ZalandoWardrobeUITests/Pods-ZalandoWardrobeUITests.debug.xcconfig"; sourceTree = "<group>"; };
		C4B3C0E3FF2E2332468A3F39 /* Pods-ZalandoWardrobe.debug.xcconfig */ = {isa = PBXFileReference; includeInIndex = 1; lastKnownFileType = text.xcconfig; name = "Pods-ZalandoWardrobe.debug.xcconfig"; path = "Pods/Target Support Files/Pods-ZalandoWardrobe/Pods-ZalandoWardrobe.debug.xcconfig"; sourceTree = "<group>"; };
		DA02A9E3AC082943694D624F /* Pods-ZalandoWardrobe.release.xcconfig */ = {isa = PBXFileReference; includeInIndex = 1; lastKnownFileType = text.xcconfig; name = "Pods-ZalandoWardrobe.release.xcconfig"; path = "Pods/Target Support Files/Pods-ZalandoWardrobe/Pods-ZalandoWardrobe.release.xcconfig"; sourceTree = "<group>"; };
		E2074A1CB091F85C5ECA61A7 /* Pods-ZalandoWardrobeTests.debug.xcconfig */ = {isa = PBXFileReference; includeInIndex = 1; lastKnownFileType = text.xcconfig; name = "Pods-ZalandoWardrobeTests.debug.xcconfig"; path = "Pods/Target Support Files/Pods-ZalandoWardrobeTests/Pods-ZalandoWardrobeTests.debug.xcconfig"; sourceTree = "<group>"; };
		FB56BD505C52D187DCAC5927 /* Pods_ZalandoWardrobeTests.framework */ = {isa = PBXFileReference; explicitFileType = wrapper.framework; includeInIndex = 0; path = Pods_ZalandoWardrobeTests.framework; sourceTree = BUILT_PRODUCTS_DIR; };
/* End PBXFileReference section */

/* Begin PBXFrameworksBuildPhase section */
		08E88B9B1DE8FBB9004CA536 /* Frameworks */ = {
			isa = PBXFrameworksBuildPhase;
			buildActionMask = 2147483647;
			files = (
				9CB0C0D745EECFA1E0C6BEFD /* Pods_ZalandoWardrobe.framework in Frameworks */,
			);
			runOnlyForDeploymentPostprocessing = 0;
		};
		08E88BAF1DE8FBB9004CA536 /* Frameworks */ = {
			isa = PBXFrameworksBuildPhase;
			buildActionMask = 2147483647;
			files = (
				7D65F9B77701073B4CAAD03E /* Pods_ZalandoWardrobeTests.framework in Frameworks */,
			);
			runOnlyForDeploymentPostprocessing = 0;
		};
		08E88BBA1DE8FBB9004CA536 /* Frameworks */ = {
			isa = PBXFrameworksBuildPhase;
			buildActionMask = 2147483647;
			files = (
				C7730E93A8F2E96B143A3782 /* Pods_ZalandoWardrobeUITests.framework in Frameworks */,
			);
			runOnlyForDeploymentPostprocessing = 0;
		};
/* End PBXFrameworksBuildPhase section */

/* Begin PBXGroup section */
		0811AAF81DE97DA900473651 /* Network */ = {
			isa = PBXGroup;
			children = (
				0811AAF61DE97DA400473651 /* APIDataDownloader.swift */,
				08B4FA931DE9ED4D00B21947 /* MediaAPI.swift */,
				08B4FA971DEA078000B21947 /* ClothesAPI.swift */,
				08B4FA9D1DEAC0D300B21947 /* LookbookAPI.swift */,
			);
			name = Network;
			sourceTree = "<group>";
		};
		0811AAFD1DE981C700473651 /* Clothing Types */ = {
			isa = PBXGroup;
			children = (
				0811AAFB1DE981C200473651 /* ClothingTypes.swift */,
				3656C5DC1DE9D28A007B691A /* ClothingType.swift */,
			);
			name = "Clothing Types";
			sourceTree = "<group>";
		};
		0811AB021DE9996900473651 /* Controllers */ = {
			isa = PBXGroup;
			children = (
				08D140C51DE9D9C7000CB07D /* BrowseItem */,
				08E2B1E91DE9A545008CAE7C /* Recommendation */,
				0811AB031DE999AD00473651 /* My Clothes */,
				08E2B1EA1DE9A723008CAE7C /* ClothingItemCollectionViewCell.swift */,
				08E2B1EB1DE9A723008CAE7C /* ClothingItemCollectionViewCell.xib */,
			);
			name = Controllers;
			sourceTree = "<group>";
		};
		0811AB031DE999AD00473651 /* My Clothes */ = {
			isa = PBXGroup;
			children = (
				364681241DE9ED800007AFB0 /* AddItem */,
				0811AB001DE998D800473651 /* MyClothes.storyboard */,
				0811AB041DE99A1F00473651 /* MyClothesViewController.swift */,
			);
			name = "My Clothes";
			sourceTree = "<group>";
		};
		08D140C51DE9D9C7000CB07D /* BrowseItem */ = {
			isa = PBXGroup;
			children = (
				08D140C31DE9D98C000CB07D /* ClothingItemViewController.swift */,
				08D140C61DE9D9D8000CB07D /* BrowseItem.storyboard */,
			);
			name = BrowseItem;
			sourceTree = "<group>";
		};
		08E2B1E91DE9A545008CAE7C /* Recommendation */ = {
			isa = PBXGroup;
			children = (
				08E2B1F11DE9AC86008CAE7C /* SingleRecommendationViewController.swift */,
				08E2B1F31DE9B2D5008CAE7C /* RecommendationsContainerViewController.swift */,
				08B4FA9F1DEAC7AD00B21947 /* RecommendationsViewController.swift */,
			);
			name = Recommendation;
			sourceTree = "<group>";
		};
		08E2B1EE1DE9A7D9008CAE7C /* Model */ = {
			isa = PBXGroup;
			children = (
				0811AAFD1DE981C700473651 /* Clothing Types */,
				08E2B1EF1DE9A7E4008CAE7C /* ClothingItem.swift */,
				08E2B1F51DE9B5A9008CAE7C /* ItemSet.swift */,
				364681221DE9ECDE0007AFB0 /* NewClothingItem.swift */,
			);
			name = Model;
			sourceTree = "<group>";
		};
		08E88B951DE8FBB9004CA536 = {
			isa = PBXGroup;
			children = (
				08E88BA01DE8FBB9004CA536 /* ZalandoWardrobe */,
				08E88BB51DE8FBB9004CA536 /* ZalandoWardrobeTests */,
				08E88BC01DE8FBB9004CA536 /* ZalandoWardrobeUITests */,
				08E88B9F1DE8FBB9004CA536 /* Products */,
				0A2B1BF1AE9002671331BD74 /* Pods */,
				2E78372846E845EE3D993A71 /* Frameworks */,
			);
			sourceTree = "<group>";
		};
		08E88B9F1DE8FBB9004CA536 /* Products */ = {
			isa = PBXGroup;
			children = (
				08E88B9E1DE8FBB9004CA536 /* ZalandoWardrobe.app */,
				08E88BB21DE8FBB9004CA536 /* ZalandoWardrobeTests.xctest */,
				08E88BBD1DE8FBB9004CA536 /* ZalandoWardrobeUITests.xctest */,
			);
			name = Products;
			sourceTree = "<group>";
		};
		08E88BA01DE8FBB9004CA536 /* ZalandoWardrobe */ = {
			isa = PBXGroup;
			children = (
				08B4FA991DEA331800B21947 /* UIImage_PixelColor.h */,
				08B4FA9B1DEA334E00B21947 /* UIImage_PixelColor.m */,
				08E2B1EE1DE9A7D9008CAE7C /* Model */,
				0811AB021DE9996900473651 /* Controllers */,
				08E88C011DE90815004CA536 /* Colors */,
				08E88BCF1DE90059004CA536 /* Color Recognition */,
				0811AAF81DE97DA900473651 /* Network */,
				08E88BA11DE8FBB9004CA536 /* AppDelegate.swift */,
				08E88BA51DE8FBB9004CA536 /* Main.storyboard */,
				08E88BA81DE8FBB9004CA536 /* Assets.xcassets */,
				08E88BAA1DE8FBB9004CA536 /* LaunchScreen.storyboard */,
				08E88BAD1DE8FBB9004CA536 /* Info.plist */,
				08E88BD41DE9080E004CA536 /* ZalandoWardrobe-Bridging-Header.h */,
				0811AAF91DE97ECB00473651 /* UIImageExtension.swift */,
				3646812D1DEA2FC30007AFB0 /* Styler.swift */,
			);
			path = ZalandoWardrobe;
			sourceTree = "<group>";
		};
		08E88BB51DE8FBB9004CA536 /* ZalandoWardrobeTests */ = {
			isa = PBXGroup;
			children = (
				08E88BB61DE8FBB9004CA536 /* ZalandoWardrobeTests.swift */,
				08E88BB81DE8FBB9004CA536 /* Info.plist */,
			);
			path = ZalandoWardrobeTests;
			sourceTree = "<group>";
		};
		08E88BC01DE8FBB9004CA536 /* ZalandoWardrobeUITests */ = {
			isa = PBXGroup;
			children = (
				08E88BC11DE8FBB9004CA536 /* ZalandoWardrobeUITests.swift */,
				08E88BC31DE8FBB9004CA536 /* Info.plist */,
			);
			path = ZalandoWardrobeUITests;
			sourceTree = "<group>";
		};
		08E88BCF1DE90059004CA536 /* Color Recognition */ = {
			isa = PBXGroup;
			children = (
				364681261DEA146B0007AFB0 /* ColorCube */,
				08E88BD01DE90074004CA536 /* ColorRecognizer.swift */,
				08E88BD21DE900AB004CA536 /* ColorShader.swift */,
			);
			name = "Color Recognition";
			sourceTree = "<group>";
		};
		08E88C011DE90815004CA536 /* Colors */ = {
			isa = PBXGroup;
			children = (
				08E88BD51DE9080F004CA536 /* Colors.h */,
				08E88BD61DE9080F004CA536 /* CGRectManipulation.h */,
				08E88BD71DE9080F004CA536 /* CGRectManipulation.m */,
				08E88BD81DE9080F004CA536 /* NSNumber+Hex.h */,
				08E88BD91DE9080F004CA536 /* NSNumber+Hex.m */,
				08E88BDA1DE9080F004CA536 /* ThemeColor.h */,
				08E88BDB1DE9080F004CA536 /* ThemeColor.m */,
				08E88BDC1DE9080F004CA536 /* UIColor+ColorFinder.h */,
				08E88BDD1DE9080F004CA536 /* UIColor+ColorFinder.m */,
				08E88BDE1DE9080F004CA536 /* UIColor+Components.h */,
				08E88BDF1DE9080F004CA536 /* UIColor+Components.m */,
				08E88BE01DE9080F004CA536 /* UIColor+Hex.h */,
				08E88BE11DE9080F004CA536 /* UIColor+Hex.m */,
				08E88BE21DE9080F004CA536 /* UIColor+KeyColor.h */,
				08E88BE31DE9080F004CA536 /* UIColor+KeyColor.m */,
				08E88BE41DE9080F004CA536 /* UIColor+Manipulation.h */,
				08E88BE51DE9080F004CA536 /* UIColor+Manipulation.m */,
				08E88BE61DE9080F004CA536 /* UIColor+NeueColors.h */,
				08E88BE71DE9080F004CA536 /* UIColor+NeueColors.m */,
				08E88BE81DE9080F004CA536 /* UIImage+Colors.h */,
				08E88BE91DE9080F004CA536 /* UIImage+Colors.m */,
				08E88BEA1DE9080F004CA536 /* UIImage+Crop.h */,
				08E88BEB1DE9080F004CA536 /* UIImage+Crop.m */,
				08E88BEC1DE9080F004CA536 /* UIImage+Mask.h */,
				08E88BED1DE9080F004CA536 /* UIImage+Mask.m */,
				08E88BEE1DE9080F004CA536 /* UIImage+Pixels.h */,
				08E88BEF1DE9080F004CA536 /* UIImage+Pixels.m */,
				08E88BF01DE9080F004CA536 /* UIImage+TBTint.h */,
				08E88BF11DE9080F004CA536 /* UIImage+TBTint.m */,
				08E88BF21DE9080F004CA536 /* Colors-Prefix.pch */,
			);
			name = Colors;
			sourceTree = "<group>";
		};
		0A2B1BF1AE9002671331BD74 /* Pods */ = {
			isa = PBXGroup;
			children = (
				C4B3C0E3FF2E2332468A3F39 /* Pods-ZalandoWardrobe.debug.xcconfig */,
				DA02A9E3AC082943694D624F /* Pods-ZalandoWardrobe.release.xcconfig */,
				E2074A1CB091F85C5ECA61A7 /* Pods-ZalandoWardrobeTests.debug.xcconfig */,
				8742B39F4916DCECE750DB38 /* Pods-ZalandoWardrobeTests.release.xcconfig */,
				96AD445C19242D9E3B49E361 /* Pods-ZalandoWardrobeUITests.debug.xcconfig */,
				524E402C36A923691C466E53 /* Pods-ZalandoWardrobeUITests.release.xcconfig */,
			);
			name = Pods;
			sourceTree = "<group>";
		};
		2E78372846E845EE3D993A71 /* Frameworks */ = {
			isa = PBXGroup;
			children = (
				08B4FA951DE9F18100B21947 /* AlamofireSwiftyJSON.swift */,
				3271D3F52B6E963AEBB17A5D /* Pods_ZalandoWardrobe.framework */,
				FB56BD505C52D187DCAC5927 /* Pods_ZalandoWardrobeTests.framework */,
				6E630DEDD05C48604FD73216 /* Pods_ZalandoWardrobeUITests.framework */,
				08D140C11DE9D4D5000CB07D /* KBButton.swift */,
			);
			name = Frameworks;
			sourceTree = "<group>";
		};
		364681241DE9ED800007AFB0 /* AddItem */ = {
			isa = PBXGroup;
			children = (
				3656C5D81DE9821A007B691A /* ColorCollectionViewCell.swift */,
				3656C5DA1DE9C57B007B691A /* SelectItemTypeViewController.swift */,
				3656C5D61DE908C3007B691A /* AddItemViewController.swift */,
			);
			name = AddItem;
			sourceTree = "<group>";
		};
		364681261DEA146B0007AFB0 /* ColorCube */ = {
			isa = PBXGroup;
			children = (
				364681271DEA148C0007AFB0 /* CCColorCube.h */,
				364681281DEA148C0007AFB0 /* CCColorCube.m */,
				364681291DEA148C0007AFB0 /* CCLocalMaximum.h */,
				3646812A1DEA148C0007AFB0 /* CCLocalMaximum.m */,
			);
			name = ColorCube;
			sourceTree = "<group>";
		};
/* End PBXGroup section */

/* Begin PBXNativeTarget section */
		08E88B9D1DE8FBB9004CA536 /* ZalandoWardrobe */ = {
			isa = PBXNativeTarget;
			buildConfigurationList = 08E88BC61DE8FBB9004CA536 /* Build configuration list for PBXNativeTarget "ZalandoWardrobe" */;
			buildPhases = (
				C0B1CEAF9EF20F85FD0979D9 /* [CP] Check Pods Manifest.lock */,
				08E88B9A1DE8FBB9004CA536 /* Sources */,
				08E88B9B1DE8FBB9004CA536 /* Frameworks */,
				08E88B9C1DE8FBB9004CA536 /* Resources */,
				7B013C92D8258BAB1E85731A /* [CP] Embed Pods Frameworks */,
				CAF8B965EF8C9EBFAE67470A /* [CP] Copy Pods Resources */,
			);
			buildRules = (
			);
			dependencies = (
			);
			name = ZalandoWardrobe;
			productName = ZalandoWardrobe;
			productReference = 08E88B9E1DE8FBB9004CA536 /* ZalandoWardrobe.app */;
			productType = "com.apple.product-type.application";
		};
		08E88BB11DE8FBB9004CA536 /* ZalandoWardrobeTests */ = {
			isa = PBXNativeTarget;
			buildConfigurationList = 08E88BC91DE8FBB9004CA536 /* Build configuration list for PBXNativeTarget "ZalandoWardrobeTests" */;
			buildPhases = (
				C02B37F23E4B4F1D7BBA6919 /* [CP] Check Pods Manifest.lock */,
				08E88BAE1DE8FBB9004CA536 /* Sources */,
				08E88BAF1DE8FBB9004CA536 /* Frameworks */,
				08E88BB01DE8FBB9004CA536 /* Resources */,
				B8839E23C91CA4F873722BEC /* [CP] Embed Pods Frameworks */,
				809A6969250AEB0F143D8AB8 /* [CP] Copy Pods Resources */,
			);
			buildRules = (
			);
			dependencies = (
				08E88BB41DE8FBB9004CA536 /* PBXTargetDependency */,
			);
			name = ZalandoWardrobeTests;
			productName = ZalandoWardrobeTests;
			productReference = 08E88BB21DE8FBB9004CA536 /* ZalandoWardrobeTests.xctest */;
			productType = "com.apple.product-type.bundle.unit-test";
		};
		08E88BBC1DE8FBB9004CA536 /* ZalandoWardrobeUITests */ = {
			isa = PBXNativeTarget;
			buildConfigurationList = 08E88BCC1DE8FBB9004CA536 /* Build configuration list for PBXNativeTarget "ZalandoWardrobeUITests" */;
			buildPhases = (
				E982985F23964828AD354D13 /* [CP] Check Pods Manifest.lock */,
				08E88BB91DE8FBB9004CA536 /* Sources */,
				08E88BBA1DE8FBB9004CA536 /* Frameworks */,
				08E88BBB1DE8FBB9004CA536 /* Resources */,
				4FEE34FC77876C4C960A675B /* [CP] Embed Pods Frameworks */,
				23CF7ABBE04170BA7E949164 /* [CP] Copy Pods Resources */,
			);
			buildRules = (
			);
			dependencies = (
				08E88BBF1DE8FBB9004CA536 /* PBXTargetDependency */,
			);
			name = ZalandoWardrobeUITests;
			productName = ZalandoWardrobeUITests;
			productReference = 08E88BBD1DE8FBB9004CA536 /* ZalandoWardrobeUITests.xctest */;
			productType = "com.apple.product-type.bundle.ui-testing";
		};
/* End PBXNativeTarget section */

/* Begin PBXProject section */
		08E88B961DE8FBB9004CA536 /* Project object */ = {
			isa = PBXProject;
			attributes = {
				LastSwiftUpdateCheck = 0810;
				LastUpgradeCheck = 0810;
				ORGANIZATIONNAME = AKarpov;
				TargetAttributes = {
					08E88B9D1DE8FBB9004CA536 = {
						CreatedOnToolsVersion = 8.1;
						DevelopmentTeam = 4562ZPB9BG;
						LastSwiftMigration = 0810;
						ProvisioningStyle = Automatic;
					};
					08E88BB11DE8FBB9004CA536 = {
						CreatedOnToolsVersion = 8.1;
						ProvisioningStyle = Automatic;
						TestTargetID = 08E88B9D1DE8FBB9004CA536;
					};
					08E88BBC1DE8FBB9004CA536 = {
						CreatedOnToolsVersion = 8.1;
						ProvisioningStyle = Automatic;
						TestTargetID = 08E88B9D1DE8FBB9004CA536;
					};
				};
			};
			buildConfigurationList = 08E88B991DE8FBB9004CA536 /* Build configuration list for PBXProject "ZalandoWardrobe" */;
			compatibilityVersion = "Xcode 3.2";
			developmentRegion = English;
			hasScannedForEncodings = 0;
			knownRegions = (
				en,
				Base,
			);
			mainGroup = 08E88B951DE8FBB9004CA536;
			productRefGroup = 08E88B9F1DE8FBB9004CA536 /* Products */;
			projectDirPath = "";
			projectRoot = "";
			targets = (
				08E88B9D1DE8FBB9004CA536 /* ZalandoWardrobe */,
				08E88BB11DE8FBB9004CA536 /* ZalandoWardrobeTests */,
				08E88BBC1DE8FBB9004CA536 /* ZalandoWardrobeUITests */,
			);
		};
/* End PBXProject section */

/* Begin PBXResourcesBuildPhase section */
		08E88B9C1DE8FBB9004CA536 /* Resources */ = {
			isa = PBXResourcesBuildPhase;
			buildActionMask = 2147483647;
			files = (
				08E88BAC1DE8FBB9004CA536 /* LaunchScreen.storyboard in Resources */,
				08D140C71DE9D9D8000CB07D /* BrowseItem.storyboard in Resources */,
				08E88BA91DE8FBB9004CA536 /* Assets.xcassets in Resources */,
				08E88BA71DE8FBB9004CA536 /* Main.storyboard in Resources */,
				08E2B1ED1DE9A723008CAE7C /* ClothingItemCollectionViewCell.xib in Resources */,
				0811AB011DE998D800473651 /* MyClothes.storyboard in Resources */,
			);
			runOnlyForDeploymentPostprocessing = 0;
		};
		08E88BB01DE8FBB9004CA536 /* Resources */ = {
			isa = PBXResourcesBuildPhase;
			buildActionMask = 2147483647;
			files = (
			);
			runOnlyForDeploymentPostprocessing = 0;
		};
		08E88BBB1DE8FBB9004CA536 /* Resources */ = {
			isa = PBXResourcesBuildPhase;
			buildActionMask = 2147483647;
			files = (
			);
			runOnlyForDeploymentPostprocessing = 0;
		};
/* End PBXResourcesBuildPhase section */

/* Begin PBXShellScriptBuildPhase section */
		23CF7ABBE04170BA7E949164 /* [CP] Copy Pods Resources */ = {
			isa = PBXShellScriptBuildPhase;
			buildActionMask = 2147483647;
			files = (
			);
			inputPaths = (
			);
			name = "[CP] Copy Pods Resources";
			outputPaths = (
			);
			runOnlyForDeploymentPostprocessing = 0;
			shellPath = /bin/sh;
			shellScript = "\"${SRCROOT}/Pods/Target Support Files/Pods-ZalandoWardrobeUITests/Pods-ZalandoWardrobeUITests-resources.sh\"\n";
			showEnvVarsInLog = 0;
		};
		4FEE34FC77876C4C960A675B /* [CP] Embed Pods Frameworks */ = {
			isa = PBXShellScriptBuildPhase;
			buildActionMask = 2147483647;
			files = (
			);
			inputPaths = (
			);
			name = "[CP] Embed Pods Frameworks";
			outputPaths = (
			);
			runOnlyForDeploymentPostprocessing = 0;
			shellPath = /bin/sh;
			shellScript = "\"${SRCROOT}/Pods/Target Support Files/Pods-ZalandoWardrobeUITests/Pods-ZalandoWardrobeUITests-frameworks.sh\"\n";
			showEnvVarsInLog = 0;
		};
		7B013C92D8258BAB1E85731A /* [CP] Embed Pods Frameworks */ = {
			isa = PBXShellScriptBuildPhase;
			buildActionMask = 2147483647;
			files = (
			);
			inputPaths = (
			);
			name = "[CP] Embed Pods Frameworks";
			outputPaths = (
			);
			runOnlyForDeploymentPostprocessing = 0;
			shellPath = /bin/sh;
			shellScript = "\"${SRCROOT}/Pods/Target Support Files/Pods-ZalandoWardrobe/Pods-ZalandoWardrobe-frameworks.sh\"\n";
			showEnvVarsInLog = 0;
		};
		809A6969250AEB0F143D8AB8 /* [CP] Copy Pods Resources */ = {
			isa = PBXShellScriptBuildPhase;
			buildActionMask = 2147483647;
			files = (
			);
			inputPaths = (
			);
			name = "[CP] Copy Pods Resources";
			outputPaths = (
			);
			runOnlyForDeploymentPostprocessing = 0;
			shellPath = /bin/sh;
			shellScript = "\"${SRCROOT}/Pods/Target Support Files/Pods-ZalandoWardrobeTests/Pods-ZalandoWardrobeTests-resources.sh\"\n";
			showEnvVarsInLog = 0;
		};
		B8839E23C91CA4F873722BEC /* [CP] Embed Pods Frameworks */ = {
			isa = PBXShellScriptBuildPhase;
			buildActionMask = 2147483647;
			files = (
			);
			inputPaths = (
			);
			name = "[CP] Embed Pods Frameworks";
			outputPaths = (
			);
			runOnlyForDeploymentPostprocessing = 0;
			shellPath = /bin/sh;
			shellScript = "\"${SRCROOT}/Pods/Target Support Files/Pods-ZalandoWardrobeTests/Pods-ZalandoWardrobeTests-frameworks.sh\"\n";
			showEnvVarsInLog = 0;
		};
		C02B37F23E4B4F1D7BBA6919 /* [CP] Check Pods Manifest.lock */ = {
			isa = PBXShellScriptBuildPhase;
			buildActionMask = 2147483647;
			files = (
			);
			inputPaths = (
			);
			name = "[CP] Check Pods Manifest.lock";
			outputPaths = (
			);
			runOnlyForDeploymentPostprocessing = 0;
			shellPath = /bin/sh;
			shellScript = "diff \"${PODS_ROOT}/../Podfile.lock\" \"${PODS_ROOT}/Manifest.lock\" > /dev/null\nif [ $? != 0 ] ; then\n    # print error to STDERR\n    echo \"error: The sandbox is not in sync with the Podfile.lock. Run 'pod install' or update your CocoaPods installation.\" >&2\n    exit 1\nfi\n";
			showEnvVarsInLog = 0;
		};
		C0B1CEAF9EF20F85FD0979D9 /* [CP] Check Pods Manifest.lock */ = {
			isa = PBXShellScriptBuildPhase;
			buildActionMask = 2147483647;
			files = (
			);
			inputPaths = (
			);
			name = "[CP] Check Pods Manifest.lock";
			outputPaths = (
			);
			runOnlyForDeploymentPostprocessing = 0;
			shellPath = /bin/sh;
			shellScript = "diff \"${PODS_ROOT}/../Podfile.lock\" \"${PODS_ROOT}/Manifest.lock\" > /dev/null\nif [ $? != 0 ] ; then\n    # print error to STDERR\n    echo \"error: The sandbox is not in sync with the Podfile.lock. Run 'pod install' or update your CocoaPods installation.\" >&2\n    exit 1\nfi\n";
			showEnvVarsInLog = 0;
		};
		CAF8B965EF8C9EBFAE67470A /* [CP] Copy Pods Resources */ = {
			isa = PBXShellScriptBuildPhase;
			buildActionMask = 2147483647;
			files = (
			);
			inputPaths = (
			);
			name = "[CP] Copy Pods Resources";
			outputPaths = (
			);
			runOnlyForDeploymentPostprocessing = 0;
			shellPath = /bin/sh;
			shellScript = "\"${SRCROOT}/Pods/Target Support Files/Pods-ZalandoWardrobe/Pods-ZalandoWardrobe-resources.sh\"\n";
			showEnvVarsInLog = 0;
		};
		E982985F23964828AD354D13 /* [CP] Check Pods Manifest.lock */ = {
			isa = PBXShellScriptBuildPhase;
			buildActionMask = 2147483647;
			files = (
			);
			inputPaths = (
			);
			name = "[CP] Check Pods Manifest.lock";
			outputPaths = (
			);
			runOnlyForDeploymentPostprocessing = 0;
			shellPath = /bin/sh;
			shellScript = "diff \"${PODS_ROOT}/../Podfile.lock\" \"${PODS_ROOT}/Manifest.lock\" > /dev/null\nif [ $? != 0 ] ; then\n    # print error to STDERR\n    echo \"error: The sandbox is not in sync with the Podfile.lock. Run 'pod install' or update your CocoaPods installation.\" >&2\n    exit 1\nfi\n";
			showEnvVarsInLog = 0;
		};
/* End PBXShellScriptBuildPhase section */

/* Begin PBXSourcesBuildPhase section */
		08E88B9A1DE8FBB9004CA536 /* Sources */ = {
			isa = PBXSourcesBuildPhase;
			buildActionMask = 2147483647;
			files = (
				3646812B1DEA148C0007AFB0 /* CCColorCube.m in Sources */,
				08E88BFE1DE9080F004CA536 /* UIImage+Mask.m in Sources */,
				364681231DE9ECDE0007AFB0 /* NewClothingItem.swift in Sources */,
				3656C5DD1DE9D28A007B691A /* ClothingType.swift in Sources */,
				08B4FA9E1DEAC0D300B21947 /* LookbookAPI.swift in Sources */,
				0811AAFA1DE97ECB00473651 /* UIImageExtension.swift in Sources */,
				0811AAFC1DE981C200473651 /* ClothingTypes.swift in Sources */,
				08E2B1F61DE9B5A9008CAE7C /* ItemSet.swift in Sources */,
				08B4FA9C1DEA334E00B21947 /* UIImage_PixelColor.m in Sources */,
				08B4FAA01DEAC7AD00B21947 /* RecommendationsViewController.swift in Sources */,
				08D140C21DE9D4D5000CB07D /* KBButton.swift in Sources */,
				08E88BF81DE9080F004CA536 /* UIColor+Hex.m in Sources */,
				08E88BF41DE9080F004CA536 /* NSNumber+Hex.m in Sources */,
				08E2B1EC1DE9A723008CAE7C /* ClothingItemCollectionViewCell.swift in Sources */,
				08E88BFC1DE9080F004CA536 /* UIImage+Colors.m in Sources */,
				08B4FA941DE9ED4D00B21947 /* MediaAPI.swift in Sources */,
				0811AAF71DE97DA400473651 /* APIDataDownloader.swift in Sources */,
				08B4FA961DE9F18100B21947 /* AlamofireSwiftyJSON.swift in Sources */,
				08D140C41DE9D98C000CB07D /* ClothingItemViewController.swift in Sources */,
				08E88BD11DE90074004CA536 /* ColorRecognizer.swift in Sources */,
				08E88BFF1DE9080F004CA536 /* UIImage+Pixels.m in Sources */,
				08E2B1F01DE9A7E4008CAE7C /* ClothingItem.swift in Sources */,
				08E88BD31DE900AB004CA536 /* ColorShader.swift in Sources */,
				3646812C1DEA148C0007AFB0 /* CCLocalMaximum.m in Sources */,
				08E88BA21DE8FBB9004CA536 /* AppDelegate.swift in Sources */,
				3656C5D91DE9821A007B691A /* ColorCollectionViewCell.swift in Sources */,
				08E2B1F41DE9B2D5008CAE7C /* RecommendationsContainerViewController.swift in Sources */,
				3656C5D71DE908C3007B691A /* AddItemViewController.swift in Sources */,
				08E88BF31DE9080F004CA536 /* CGRectManipulation.m in Sources */,
				0811AB051DE99A1F00473651 /* MyClothesViewController.swift in Sources */,
				08E88C001DE9080F004CA536 /* UIImage+TBTint.m in Sources */,
				08E88BF51DE9080F004CA536 /* ThemeColor.m in Sources */,
				08B4FA981DEA078000B21947 /* ClothesAPI.swift in Sources */,
				3656C5DB1DE9C57B007B691A /* SelectItemTypeViewController.swift in Sources */,
				08E2B1F21DE9AC86008CAE7C /* SingleRecommendationViewController.swift in Sources */,
				3646812E1DEA2FC30007AFB0 /* Styler.swift in Sources */,
				08E88BF61DE9080F004CA536 /* UIColor+ColorFinder.m in Sources */,
				08E88BF91DE9080F004CA536 /* UIColor+KeyColor.m in Sources */,
				08E88BFA1DE9080F004CA536 /* UIColor+Manipulation.m in Sources */,
				08E88BFD1DE9080F004CA536 /* UIImage+Crop.m in Sources */,
				08E88BF71DE9080F004CA536 /* UIColor+Components.m in Sources */,
				08E88BFB1DE9080F004CA536 /* UIColor+NeueColors.m in Sources */,
			);
			runOnlyForDeploymentPostprocessing = 0;
		};
		08E88BAE1DE8FBB9004CA536 /* Sources */ = {
			isa = PBXSourcesBuildPhase;
			buildActionMask = 2147483647;
			files = (
				08E88BB71DE8FBB9004CA536 /* ZalandoWardrobeTests.swift in Sources */,
			);
			runOnlyForDeploymentPostprocessing = 0;
		};
		08E88BB91DE8FBB9004CA536 /* Sources */ = {
			isa = PBXSourcesBuildPhase;
			buildActionMask = 2147483647;
			files = (
				08E88BC21DE8FBB9004CA536 /* ZalandoWardrobeUITests.swift in Sources */,
			);
			runOnlyForDeploymentPostprocessing = 0;
		};
/* End PBXSourcesBuildPhase section */

/* Begin PBXTargetDependency section */
		08E88BB41DE8FBB9004CA536 /* PBXTargetDependency */ = {
			isa = PBXTargetDependency;
			target = 08E88B9D1DE8FBB9004CA536 /* ZalandoWardrobe */;
			targetProxy = 08E88BB31DE8FBB9004CA536 /* PBXContainerItemProxy */;
		};
		08E88BBF1DE8FBB9004CA536 /* PBXTargetDependency */ = {
			isa = PBXTargetDependency;
			target = 08E88B9D1DE8FBB9004CA536 /* ZalandoWardrobe */;
			targetProxy = 08E88BBE1DE8FBB9004CA536 /* PBXContainerItemProxy */;
		};
/* End PBXTargetDependency section */

/* Begin PBXVariantGroup section */
		08E88BA51DE8FBB9004CA536 /* Main.storyboard */ = {
			isa = PBXVariantGroup;
			children = (
				08E88BA61DE8FBB9004CA536 /* Base */,
			);
			name = Main.storyboard;
			sourceTree = "<group>";
		};
		08E88BAA1DE8FBB9004CA536 /* LaunchScreen.storyboard */ = {
			isa = PBXVariantGroup;
			children = (
				08E88BAB1DE8FBB9004CA536 /* Base */,
			);
			name = LaunchScreen.storyboard;
			sourceTree = "<group>";
		};
/* End PBXVariantGroup section */

/* Begin XCBuildConfiguration section */
		08E88BC41DE8FBB9004CA536 /* Debug */ = {
			isa = XCBuildConfiguration;
			buildSettings = {
				ALWAYS_SEARCH_USER_PATHS = NO;
				CLANG_ANALYZER_NONNULL = YES;
				CLANG_CXX_LANGUAGE_STANDARD = "gnu++0x";
				CLANG_CXX_LIBRARY = "libc++";
				CLANG_ENABLE_MODULES = YES;
				CLANG_ENABLE_OBJC_ARC = YES;
				CLANG_WARN_BOOL_CONVERSION = YES;
				CLANG_WARN_CONSTANT_CONVERSION = YES;
				CLANG_WARN_DIRECT_OBJC_ISA_USAGE = YES_ERROR;
				CLANG_WARN_DOCUMENTATION_COMMENTS = YES;
				CLANG_WARN_EMPTY_BODY = YES;
				CLANG_WARN_ENUM_CONVERSION = YES;
				CLANG_WARN_INFINITE_RECURSION = YES;
				CLANG_WARN_INT_CONVERSION = YES;
				CLANG_WARN_OBJC_ROOT_CLASS = YES_ERROR;
				CLANG_WARN_SUSPICIOUS_MOVES = YES;
				CLANG_WARN_UNREACHABLE_CODE = YES;
				CLANG_WARN__DUPLICATE_METHOD_MATCH = YES;
				"CODE_SIGN_IDENTITY[sdk=iphoneos*]" = "iPhone Developer";
				COPY_PHASE_STRIP = NO;
				DEBUG_INFORMATION_FORMAT = dwarf;
				ENABLE_STRICT_OBJC_MSGSEND = YES;
				ENABLE_TESTABILITY = YES;
				GCC_C_LANGUAGE_STANDARD = gnu99;
				GCC_DYNAMIC_NO_PIC = NO;
				GCC_NO_COMMON_BLOCKS = YES;
				GCC_OPTIMIZATION_LEVEL = 0;
				GCC_PREPROCESSOR_DEFINITIONS = (
					"DEBUG=1",
					"$(inherited)",
				);
				GCC_WARN_64_TO_32_BIT_CONVERSION = YES;
				GCC_WARN_ABOUT_RETURN_TYPE = YES_ERROR;
				GCC_WARN_UNDECLARED_SELECTOR = YES;
				GCC_WARN_UNINITIALIZED_AUTOS = YES_AGGRESSIVE;
				GCC_WARN_UNUSED_FUNCTION = YES;
				GCC_WARN_UNUSED_VARIABLE = YES;
				IPHONEOS_DEPLOYMENT_TARGET = 10.1;
				MTL_ENABLE_DEBUG_INFO = YES;
				ONLY_ACTIVE_ARCH = YES;
				SDKROOT = iphoneos;
				SWIFT_ACTIVE_COMPILATION_CONDITIONS = DEBUG;
				SWIFT_OPTIMIZATION_LEVEL = "-Onone";
				TARGETED_DEVICE_FAMILY = "1,2";
			};
			name = Debug;
		};
		08E88BC51DE8FBB9004CA536 /* Release */ = {
			isa = XCBuildConfiguration;
			buildSettings = {
				ALWAYS_SEARCH_USER_PATHS = NO;
				CLANG_ANALYZER_NONNULL = YES;
				CLANG_CXX_LANGUAGE_STANDARD = "gnu++0x";
				CLANG_CXX_LIBRARY = "libc++";
				CLANG_ENABLE_MODULES = YES;
				CLANG_ENABLE_OBJC_ARC = YES;
				CLANG_WARN_BOOL_CONVERSION = YES;
				CLANG_WARN_CONSTANT_CONVERSION = YES;
				CLANG_WARN_DIRECT_OBJC_ISA_USAGE = YES_ERROR;
				CLANG_WARN_DOCUMENTATION_COMMENTS = YES;
				CLANG_WARN_EMPTY_BODY = YES;
				CLANG_WARN_ENUM_CONVERSION = YES;
				CLANG_WARN_INFINITE_RECURSION = YES;
				CLANG_WARN_INT_CONVERSION = YES;
				CLANG_WARN_OBJC_ROOT_CLASS = YES_ERROR;
				CLANG_WARN_SUSPICIOUS_MOVES = YES;
				CLANG_WARN_UNREACHABLE_CODE = YES;
				CLANG_WARN__DUPLICATE_METHOD_MATCH = YES;
				"CODE_SIGN_IDENTITY[sdk=iphoneos*]" = "iPhone Developer";
				COPY_PHASE_STRIP = NO;
				DEBUG_INFORMATION_FORMAT = "dwarf-with-dsym";
				ENABLE_NS_ASSERTIONS = NO;
				ENABLE_STRICT_OBJC_MSGSEND = YES;
				GCC_C_LANGUAGE_STANDARD = gnu99;
				GCC_NO_COMMON_BLOCKS = YES;
				GCC_WARN_64_TO_32_BIT_CONVERSION = YES;
				GCC_WARN_ABOUT_RETURN_TYPE = YES_ERROR;
				GCC_WARN_UNDECLARED_SELECTOR = YES;
				GCC_WARN_UNINITIALIZED_AUTOS = YES_AGGRESSIVE;
				GCC_WARN_UNUSED_FUNCTION = YES;
				GCC_WARN_UNUSED_VARIABLE = YES;
				IPHONEOS_DEPLOYMENT_TARGET = 10.1;
				MTL_ENABLE_DEBUG_INFO = NO;
				SDKROOT = iphoneos;
				SWIFT_OPTIMIZATION_LEVEL = "-Owholemodule";
				TARGETED_DEVICE_FAMILY = "1,2";
				VALIDATE_PRODUCT = YES;
			};
			name = Release;
		};
		08E88BC71DE8FBB9004CA536 /* Debug */ = {
			isa = XCBuildConfiguration;
			baseConfigurationReference = C4B3C0E3FF2E2332468A3F39 /* Pods-ZalandoWardrobe.debug.xcconfig */;
			buildSettings = {
				ASSETCATALOG_COMPILER_APPICON_NAME = AppIcon;
				CLANG_ENABLE_MODULES = YES;
				DEVELOPMENT_TEAM = 4562ZPB9BG;
				INFOPLIST_FILE = ZalandoWardrobe/Info.plist;
				LD_RUNPATH_SEARCH_PATHS = "$(inherited) @executable_path/Frameworks";
				PRODUCT_BUNDLE_IDENTIFIER = com.AlexKarpov.ZalandoWardrobe;
				PRODUCT_NAME = "$(TARGET_NAME)";
				SWIFT_OBJC_BRIDGING_HEADER = "ZalandoWardrobe/ZalandoWardrobe-Bridging-Header.h";
				SWIFT_OPTIMIZATION_LEVEL = "-Onone";
				SWIFT_VERSION = 3.0;
			};
			name = Debug;
		};
		08E88BC81DE8FBB9004CA536 /* Release */ = {
			isa = XCBuildConfiguration;
			baseConfigurationReference = DA02A9E3AC082943694D624F /* Pods-ZalandoWardrobe.release.xcconfig */;
			buildSettings = {
				ASSETCATALOG_COMPILER_APPICON_NAME = AppIcon;
				CLANG_ENABLE_MODULES = YES;
				DEVELOPMENT_TEAM = 4562ZPB9BG;
				INFOPLIST_FILE = ZalandoWardrobe/Info.plist;
				LD_RUNPATH_SEARCH_PATHS = "$(inherited) @executable_path/Frameworks";
				PRODUCT_BUNDLE_IDENTIFIER = com.AlexKarpov.ZalandoWardrobe;
				PRODUCT_NAME = "$(TARGET_NAME)";
				SWIFT_OBJC_BRIDGING_HEADER = "ZalandoWardrobe/ZalandoWardrobe-Bridging-Header.h";
				SWIFT_VERSION = 3.0;
			};
			name = Release;
		};
		08E88BCA1DE8FBB9004CA536 /* Debug */ = {
			isa = XCBuildConfiguration;
			baseConfigurationReference = E2074A1CB091F85C5ECA61A7 /* Pods-ZalandoWardrobeTests.debug.xcconfig */;
			buildSettings = {
				ALWAYS_EMBED_SWIFT_STANDARD_LIBRARIES = YES;
				BUNDLE_LOADER = "$(TEST_HOST)";
				INFOPLIST_FILE = ZalandoWardrobeTests/Info.plist;
				LD_RUNPATH_SEARCH_PATHS = "$(inherited) @executable_path/Frameworks @loader_path/Frameworks";
				PRODUCT_BUNDLE_IDENTIFIER = com.AlexKarpov.ZalandoWardrobeTests;
				PRODUCT_NAME = "$(TARGET_NAME)";
				SWIFT_VERSION = 3.0;
				TEST_HOST = "$(BUILT_PRODUCTS_DIR)/ZalandoWardrobe.app/ZalandoWardrobe";
			};
			name = Debug;
		};
		08E88BCB1DE8FBB9004CA536 /* Release */ = {
			isa = XCBuildConfiguration;
			baseConfigurationReference = 8742B39F4916DCECE750DB38 /* Pods-ZalandoWardrobeTests.release.xcconfig */;
			buildSettings = {
				ALWAYS_EMBED_SWIFT_STANDARD_LIBRARIES = YES;
				BUNDLE_LOADER = "$(TEST_HOST)";
				INFOPLIST_FILE = ZalandoWardrobeTests/Info.plist;
				LD_RUNPATH_SEARCH_PATHS = "$(inherited) @executable_path/Frameworks @loader_path/Frameworks";
				PRODUCT_BUNDLE_IDENTIFIER = com.AlexKarpov.ZalandoWardrobeTests;
				PRODUCT_NAME = "$(TARGET_NAME)";
				SWIFT_VERSION = 3.0;
				TEST_HOST = "$(BUILT_PRODUCTS_DIR)/ZalandoWardrobe.app/ZalandoWardrobe";
			};
			name = Release;
		};
		08E88BCD1DE8FBB9004CA536 /* Debug */ = {
			isa = XCBuildConfiguration;
			baseConfigurationReference = 96AD445C19242D9E3B49E361 /* Pods-ZalandoWardrobeUITests.debug.xcconfig */;
			buildSettings = {
				ALWAYS_EMBED_SWIFT_STANDARD_LIBRARIES = YES;
				INFOPLIST_FILE = ZalandoWardrobeUITests/Info.plist;
				LD_RUNPATH_SEARCH_PATHS = "$(inherited) @executable_path/Frameworks @loader_path/Frameworks";
				PRODUCT_BUNDLE_IDENTIFIER = com.AlexKarpov.ZalandoWardrobeUITests;
				PRODUCT_NAME = "$(TARGET_NAME)";
				SWIFT_VERSION = 3.0;
				TEST_TARGET_NAME = ZalandoWardrobe;
			};
			name = Debug;
		};
		08E88BCE1DE8FBB9004CA536 /* Release */ = {
			isa = XCBuildConfiguration;
			baseConfigurationReference = 524E402C36A923691C466E53 /* Pods-ZalandoWardrobeUITests.release.xcconfig */;
			buildSettings = {
				ALWAYS_EMBED_SWIFT_STANDARD_LIBRARIES = YES;
				INFOPLIST_FILE = ZalandoWardrobeUITests/Info.plist;
				LD_RUNPATH_SEARCH_PATHS = "$(inherited) @executable_path/Frameworks @loader_path/Frameworks";
				PRODUCT_BUNDLE_IDENTIFIER = com.AlexKarpov.ZalandoWardrobeUITests;
				PRODUCT_NAME = "$(TARGET_NAME)";
				SWIFT_VERSION = 3.0;
				TEST_TARGET_NAME = ZalandoWardrobe;
			};
			name = Release;
		};
/* End XCBuildConfiguration section */

/* Begin XCConfigurationList section */
		08E88B991DE8FBB9004CA536 /* Build configuration list for PBXProject "ZalandoWardrobe" */ = {
			isa = XCConfigurationList;
			buildConfigurations = (
				08E88BC41DE8FBB9004CA536 /* Debug */,
				08E88BC51DE8FBB9004CA536 /* Release */,
			);
			defaultConfigurationIsVisible = 0;
			defaultConfigurationName = Release;
		};
		08E88BC61DE8FBB9004CA536 /* Build configuration list for PBXNativeTarget "ZalandoWardrobe" */ = {
			isa = XCConfigurationList;
			buildConfigurations = (
				08E88BC71DE8FBB9004CA536 /* Debug */,
				08E88BC81DE8FBB9004CA536 /* Release */,
			);
			defaultConfigurationIsVisible = 0;
			defaultConfigurationName = Release;
		};
		08E88BC91DE8FBB9004CA536 /* Build configuration list for PBXNativeTarget "ZalandoWardrobeTests" */ = {
			isa = XCConfigurationList;
			buildConfigurations = (
				08E88BCA1DE8FBB9004CA536 /* Debug */,
				08E88BCB1DE8FBB9004CA536 /* Release */,
			);
			defaultConfigurationIsVisible = 0;
			defaultConfigurationName = Release;
		};
		08E88BCC1DE8FBB9004CA536 /* Build configuration list for PBXNativeTarget "ZalandoWardrobeUITests" */ = {
			isa = XCConfigurationList;
			buildConfigurations = (
				08E88BCD1DE8FBB9004CA536 /* Debug */,
				08E88BCE1DE8FBB9004CA536 /* Release */,
			);
			defaultConfigurationIsVisible = 0;
			defaultConfigurationName = Release;
		};
/* End XCConfigurationList section */
	};
	rootObject = 08E88B961DE8FBB9004CA536 /* Project object */;
}
